PODS:
  - ActionSheetPicker-3.0 (2.3.0)
  - Alamofire (4.6.0)
  - AlamofireImage (3.3.0):
    - Alamofire (~> 4.5)
  - AudioKit (4.0.4):
    - AudioKit/UI (= 4.0.4)
  - AudioKit/UI (4.0.4)
  - Fingertips (0.5.0)
  - GoogleSignIn (4.1.1):
    - GoogleToolboxForMac/NSDictionary+URLArguments (~> 2.1)
    - GoogleToolboxForMac/NSString+URLArguments (~> 2.1)
    - GTMOAuth2 (~> 1.0)
    - GTMSessionFetcher/Core (~> 1.1)
  - GoogleToolboxForMac/DebugUtils (2.1.3):
    - GoogleToolboxForMac/Defines (= 2.1.3)
  - GoogleToolboxForMac/Defines (2.1.3)
  - GoogleToolboxForMac/NSDictionary+URLArguments (2.1.3):
    - GoogleToolboxForMac/DebugUtils (= 2.1.3)
    - GoogleToolboxForMac/Defines (= 2.1.3)
    - GoogleToolboxForMac/NSString+URLArguments (= 2.1.3)
  - GoogleToolboxForMac/NSString+URLArguments (2.1.3)
  - GTMOAuth2 (1.1.6):
    - GTMSessionFetcher (~> 1.1)
  - GTMSessionFetcher (1.1.12):
    - GTMSessionFetcher/Full (= 1.1.12)
  - GTMSessionFetcher/Core (1.1.12)
  - GTMSessionFetcher/Full (1.1.12):
    - GTMSessionFetcher/Core (= 1.1.12)
  - LPSnackbar (2.1.0)
  - NCSoundHistogram (0.1.7)
  - NVActivityIndicatorView (4.1.1):
    - NVActivityIndicatorView/Presenter (= 4.1.1)
  - NVActivityIndicatorView/Presenter (4.1.1)
  - SideMenu (3.1.5)
  - SwiftLint (0.24.2)

DEPENDENCIES:
  - ActionSheetPicker-3.0
  - Alamofire
  - AlamofireImage
  - AudioKit
  - Fingertips
  - GoogleSignIn
  - LPSnackbar
  - NCSoundHistogram (from `https://github.com/e-sung/NCSoundHistogram.git`, commit `4c2e2876f6419637c09ea1271070d08774289f8e`)
  - NVActivityIndicatorView
  - SideMenu
  - SwiftLint

EXTERNAL SOURCES:
  NCSoundHistogram:
    :commit: 4c2e2876f6419637c09ea1271070d08774289f8e
    :git: https://github.com/e-sung/NCSoundHistogram.git

CHECKOUT OPTIONS:
  NCSoundHistogram:
    :commit: 4c2e2876f6419637c09ea1271070d08774289f8e
    :git: https://github.com/e-sung/NCSoundHistogram.git

SPEC CHECKSUMS:
  ActionSheetPicker-3.0: eef157d75e151f255c5333d26656c7fbfe905a51
  Alamofire: f41a599bd63041760b26d393ec1069d9d7b917f4
  AlamofireImage: 2e784dc5d00f04903a52c1d169181469c805c3df
  AudioKit: 647145c0462dc9dc8a8582998cd6db5f2e1ea848
  Fingertips: 8e557eed25253fcb4bfa25ac4418f8e8add1ad9a
  GoogleSignIn: 3fdaa34a2ba04dbd7a25d7db39aecb0da98d5bdc
  GoogleToolboxForMac: 2501e2ad72a52eb3dfe7bd9aee7dad11b858bd20
  GTMOAuth2: c77fe325e4acd453837e72d91e3b5f13116857b2
  GTMSessionFetcher: ebaa1f79a5366922c1735f1566901f50beba23b7
  LPSnackbar: 6cf30a7a567880793e3df33773ff365c8b218f04
  NCSoundHistogram: 9453569aff64319c898417b597fb0e49b0052540
  NVActivityIndicatorView: 60109b9bf46efc2e71ab81453196ccdfdfeea870
  SideMenu: 47dbf9e4d878062d8994aed43f6e4bf6c1fea30b
  SwiftLint: 2aa21b96c8d13396a051bc1cb659d2ce1e0075b0

PODFILE CHECKSUM: df8a9dca0412e63734b4723005e6ad5f148df673

COCOAPODS: 1.3.1
