// !$*UTF8*$!
{
	archiveVersion = 1;
	classes = {
	};
	objectVersion = 48;
	objects = {

/* Begin PBXBuildFile section */
		3C7582719DEC0BCF97AC9658 /* Pods_SoundHubTests.framework in Frameworks */ = {isa = PBXBuildFile; fileRef = D97CA82572278A09E19CB69B /* Pods_SoundHubTests.framework */; };
		514AE9D3C68525A59E406194 /* Pods_SoundHubUITests.framework in Frameworks */ = {isa = PBXBuildFile; fileRef = DFEF70D3C538FB607DF5384A /* Pods_SoundHubUITests.framework */; };
		8C64A22E72B4C054AEC0195F /* Pods_SoundHub.framework in Frameworks */ = {isa = PBXBuildFile; fileRef = 3F94B1440EDA863E444AD34F /* Pods_SoundHub.framework */; };
		F0058B151FF751C4004CC6D1 /* UploadAudio.storyboard in Resources */ = {isa = PBXBuildFile; fileRef = F0058B141FF751C4004CC6D1 /* UploadAudio.storyboard */; };
		F0058B191FF75B22004CC6D1 /* LaunchScreenViewController.swift in Sources */ = {isa = PBXBuildFile; fileRef = F0058B181FF75B22004CC6D1 /* LaunchScreenViewController.swift */; };
		F0F1E0051FF20EB3007D1AE6 /* AudioUnitGenericView.swift in Sources */ = {isa = PBXBuildFile; fileRef = F0F1E0041FF20EB2007D1AE6 /* AudioUnitGenericView.swift */; };
		FF000D991FD11F7F00678999 /* DataCenter.swift in Sources */ = {isa = PBXBuildFile; fileRef = FF000D981FD11F7F00678999 /* DataCenter.swift */; };
		FF000D9D1FD1368000678999 /* AudioUploadViewController.swift in Sources */ = {isa = PBXBuildFile; fileRef = FF000D9C1FD1368000678999 /* AudioUploadViewController.swift */; };
		FF0280561FD776CF00C0013A /* UserDefaultKey.swift in Sources */ = {isa = PBXBuildFile; fileRef = FF0280551FD776CF00C0013A /* UserDefaultKey.swift */; };
		FF02805A1FD7996C00C0013A /* RecordContuctor.swift in Sources */ = {isa = PBXBuildFile; fileRef = FF0280591FD7996C00C0013A /* RecordContuctor.swift */; };
		FF02805C1FD7B9A400C0013A /* String.swift in Sources */ = {isa = PBXBuildFile; fileRef = FF02805B1FD7B9A400C0013A /* String.swift */; };
		FF02805E1FD805F600C0013A /* ModeToggleCell.swift in Sources */ = {isa = PBXBuildFile; fileRef = FF02805D1FD805F500C0013A /* ModeToggleCell.swift */; };
		FF0280621FD8ECD300C0013A /* UIView.swift in Sources */ = {isa = PBXBuildFile; fileRef = FF0280611FD8ECD300C0013A /* UIView.swift */; };
		FF0280661FD901AB00C0013A /* Genre.swift in Sources */ = {isa = PBXBuildFile; fileRef = FF0280651FD901AB00C0013A /* Genre.swift */; };
		FF1054321FD518BA00A46443 /* AudioRecorderViewController.swift in Sources */ = {isa = PBXBuildFile; fileRef = FF1054311FD518BA00A46443 /* AudioRecorderViewController.swift */; };
		FF3995D81FE3878F004B1F86 /* FlowContainerCell.swift in Sources */ = {isa = PBXBuildFile; fileRef = FF3995D71FE3878F004B1F86 /* FlowContainerCell.swift */; };
		FF3995DA1FE38C4A004B1F86 /* PostContainerCell.swift in Sources */ = {isa = PBXBuildFile; fileRef = FF3995D91FE38C4A004B1F86 /* PostContainerCell.swift */; };
		FF3B20AF1FCA96E30019F87A /* PopularMusicianContainerCell.swift in Sources */ = {isa = PBXBuildFile; fileRef = FF3B20AE1FCA96E30019F87A /* PopularMusicianContainerCell.swift */; };
		FF3B20B11FCA98C50019F87A /* ChartViewController.swift in Sources */ = {isa = PBXBuildFile; fileRef = FF3B20B01FCA98C50019F87A /* ChartViewController.swift */; };
		FF3B20B31FCAA2700019F87A /* InspectableView.swift in Sources */ = {isa = PBXBuildFile; fileRef = FF3B20B21FCAA2700019F87A /* InspectableView.swift */; };
		FF3B20B51FCAADD80019F87A /* PostListCell.swift in Sources */ = {isa = PBXBuildFile; fileRef = FF3B20B41FCAADD80019F87A /* PostListCell.swift */; };
		FF3B20B81FCAC92D0019F87A /* Detail.storyboard in Resources */ = {isa = PBXBuildFile; fileRef = FF3B20B71FCAC92D0019F87A /* Detail.storyboard */; };
		FF3B20BA1FCACD4A0019F87A /* DetailViewController.swift in Sources */ = {isa = PBXBuildFile; fileRef = FF3B20B91FCACD4A0019F87A /* DetailViewController.swift */; };
		FF3B20BC1FCACE8D0019F87A /* DetailHeaderCell.swift in Sources */ = {isa = PBXBuildFile; fileRef = FF3B20BB1FCACE8D0019F87A /* DetailHeaderCell.swift */; };
		FF3B20BF1FCC2B0E0019F87A /* SignInViewController.swift in Sources */ = {isa = PBXBuildFile; fileRef = FF3B20BE1FCC2B0E0019F87A /* SignInViewController.swift */; };
		FF3B20C21FCC31930019F87A /* SignUpViewController.swift in Sources */ = {isa = PBXBuildFile; fileRef = FF3B20C11FCC31930019F87A /* SignUpViewController.swift */; };
		FF3B20C61FCC3B930019F87A /* Instrument.swift in Sources */ = {isa = PBXBuildFile; fileRef = FF3B20C51FCC3B930019F87A /* Instrument.swift */; };
		FF3B20C91FCC434B0019F87A /* ProfileSetUpViewController.swift in Sources */ = {isa = PBXBuildFile; fileRef = FF3B20C81FCC434B0019F87A /* ProfileSetUpViewController.swift */; };
		FF4A7F9B1FCCEE0A0002E27A /* UIViewController.swift in Sources */ = {isa = PBXBuildFile; fileRef = FF4A7F9A1FCCEE090002E27A /* UIViewController.swift */; };
		FF5C013E1FD951B200F37CC9 /* GenrePickViewController.swift in Sources */ = {isa = PBXBuildFile; fileRef = FF5C013D1FD951B200F37CC9 /* GenrePickViewController.swift */; };
		FF5C01401FD96D0500F37CC9 /* InstrumentPickerViewController.swift in Sources */ = {isa = PBXBuildFile; fileRef = FF5C013F1FD96D0500F37CC9 /* InstrumentPickerViewController.swift */; };
		FF5C01421FDA188D00F37CC9 /* GoogleService-Info.plist in Resources */ = {isa = PBXBuildFile; fileRef = FF5C01411FDA188D00F37CC9 /* GoogleService-Info.plist */; };
		FF64BA0E1FDD36F4000A846B /* RecorderCell.swift in Sources */ = {isa = PBXBuildFile; fileRef = FF64BA0D1FDD36F4000A846B /* RecorderCell.swift */; };
		FF688F781FCE58B700F0A41F /* SideMenuViewController.swift in Sources */ = {isa = PBXBuildFile; fileRef = FF688F771FCE58B700F0A41F /* SideMenuViewController.swift */; };
		FF688F7A1FCE58D600F0A41F /* SideMenu.storyboard in Resources */ = {isa = PBXBuildFile; fileRef = FF688F791FCE58D600F0A41F /* SideMenu.storyboard */; };
		FF7D6E0C1FDD630700754A7C /* AVPlayer.swift in Sources */ = {isa = PBXBuildFile; fileRef = FF7D6E0B1FDD630700754A7C /* AVPlayer.swift */; };
		FF9A84E31FC962C300AC4780 /* Chart.storyboard in Resources */ = {isa = PBXBuildFile; fileRef = FF9A84E21FC962C300AC4780 /* Chart.storyboard */; };
		FF9A84EC1FC9AE6500AC4780 /* PopularMusicianCell.swift in Sources */ = {isa = PBXBuildFile; fileRef = FF9A84EB1FC9AE6500AC4780 /* PopularMusicianCell.swift */; };
		FF9D18541FDA6012008D5FD1 /* CommentContainerCell.swift in Sources */ = {isa = PBXBuildFile; fileRef = FF9D18531FDA6012008D5FD1 /* CommentContainerCell.swift */; };
		FF9D18581FDBBF11008D5FD1 /* LoadingIndicatorViewController.swift in Sources */ = {isa = PBXBuildFile; fileRef = FF9D18571FDBBF11008D5FD1 /* LoadingIndicatorViewController.swift */; };
		FFA5A39F1FCCFD97001EA36F /* NetworkController.swift in Sources */ = {isa = PBXBuildFile; fileRef = FFA5A39E1FCCFD97001EA36F /* NetworkController.swift */; };
		FFA8A84F1FE74EF7008443B4 /* LICENSE in Resources */ = {isa = PBXBuildFile; fileRef = FFA8A8471FE74EF6008443B4 /* LICENSE */; };
		FFA8A8501FE74EF7008443B4 /* UIView+Geometry.m in Sources */ = {isa = PBXBuildFile; fileRef = FFA8A84A1FE74EF6008443B4 /* UIView+Geometry.m */; };
		FFA8A8511FE74EF7008443B4 /* NCSoundHistogram.m in Sources */ = {isa = PBXBuildFile; fileRef = FFA8A84B1FE74EF6008443B4 /* NCSoundHistogram.m */; };
		FFA8A8521FE74EF7008443B4 /* README.md in Resources */ = {isa = PBXBuildFile; fileRef = FFA8A84E1FE74EF6008443B4 /* README.md */; };
		FFB2F8F81FEBDE67009E59B5 /* ActionSheetStringPicker.swift in Sources */ = {isa = PBXBuildFile; fileRef = FFB2F8F71FEBDE67009E59B5 /* ActionSheetStringPicker.swift */; };
		FFB85FCC1FCE652A000E47C8 /* ProfileHeaderCell.swift in Sources */ = {isa = PBXBuildFile; fileRef = FFB85FCB1FCE652A000E47C8 /* ProfileHeaderCell.swift */; };
		FFB85FCE1FCE657F000E47C8 /* ProfileViewController.swift in Sources */ = {isa = PBXBuildFile; fileRef = FFB85FCD1FCE657F000E47C8 /* ProfileViewController.swift */; };
		FFB85FD01FCE78B3000E47C8 /* Post.swift in Sources */ = {isa = PBXBuildFile; fileRef = FFB85FCF1FCE78B3000E47C8 /* Post.swift */; };
		FFB85FD21FCE79A3000E47C8 /* User.swift in Sources */ = {isa = PBXBuildFile; fileRef = FFB85FD11FCE79A3000E47C8 /* User.swift */; };
		FFC104941FEBBA6700460FD6 /* mainNavigationController.swift in Sources */ = {isa = PBXBuildFile; fileRef = FFC104931FEBBA6700460FD6 /* mainNavigationController.swift */; };
		FFC104971FEBBFDD00460FD6 /* MainEntryViewController.swift in Sources */ = {isa = PBXBuildFile; fileRef = FFC104961FEBBFDD00460FD6 /* MainEntryViewController.swift */; };
		FFC32AE41FCF8E1500651A31 /* Comment.swift in Sources */ = {isa = PBXBuildFile; fileRef = FFC32AE31FCF8E1500651A31 /* Comment.swift */; };
		FFC32AE61FCF9F0C00651A31 /* AudioCommentCell.swift in Sources */ = {isa = PBXBuildFile; fileRef = FFC32AE51FCF9F0C00651A31 /* AudioCommentCell.swift */; };
		FFC32AE81FCFBFDB00651A31 /* MasterWaveFormViewCell.swift in Sources */ = {isa = PBXBuildFile; fileRef = FFC32AE71FCFBFDB00651A31 /* MasterWaveFormViewCell.swift */; };
		FFC32AED1FCFD96500651A31 /* LoginResponse.swift in Sources */ = {isa = PBXBuildFile; fileRef = FFC32AEC1FCFD96500651A31 /* LoginResponse.swift */; };
		FFCDE7DA1FE7FB5C0008CCB9 /* UITableView.swift in Sources */ = {isa = PBXBuildFile; fileRef = FFCDE7D91FE7FB5C0008CCB9 /* UITableView.swift */; };
		FFCF82BF1FC95D66003B7861 /* AppDelegate.swift in Sources */ = {isa = PBXBuildFile; fileRef = FFCF82BE1FC95D66003B7861 /* AppDelegate.swift */; };
		FFCF82C41FC95D66003B7861 /* Entry.storyboard in Resources */ = {isa = PBXBuildFile; fileRef = FFCF82C21FC95D66003B7861 /* Entry.storyboard */; };
		FFCF82C61FC95D66003B7861 /* Assets.xcassets in Resources */ = {isa = PBXBuildFile; fileRef = FFCF82C51FC95D66003B7861 /* Assets.xcassets */; };
		FFCF82C91FC95D66003B7861 /* LaunchScreen.storyboard in Resources */ = {isa = PBXBuildFile; fileRef = FFCF82C71FC95D66003B7861 /* LaunchScreen.storyboard */; };
		FFCF82D41FC95D66003B7861 /* soundHubPracticeTests.swift in Sources */ = {isa = PBXBuildFile; fileRef = FFCF82D31FC95D66003B7861 /* soundHubPracticeTests.swift */; };
		FFCF82DF1FC95D66003B7861 /* SoundHubUITests.swift in Sources */ = {isa = PBXBuildFile; fileRef = FFCF82DE1FC95D66003B7861 /* SoundHubUITests.swift */; };
		FFCF82ED1FC95E07003B7861 /* EntryViewController.swift in Sources */ = {isa = PBXBuildFile; fileRef = FFCF82EC1FC95E07003B7861 /* EntryViewController.swift */; };
		FFCF82EF1FC95E6D003B7861 /* SignUP_SignIn.storyboard in Resources */ = {isa = PBXBuildFile; fileRef = FFCF82EE1FC95E6D003B7861 /* SignUP_SignIn.storyboard */; };
		FFD500AC1FDE509F008464A8 /* PlayBarController.swift in Sources */ = {isa = PBXBuildFile; fileRef = FFD500AB1FDE509F008464A8 /* PlayBarController.swift */; };
		FFEAE1A91FEA52B700FD7D7F /* AUCell.swift in Sources */ = {isa = PBXBuildFile; fileRef = FFEAE1A81FEA52B700FD7D7F /* AUCell.swift */; };
/* End PBXBuildFile section */

/* Begin PBXContainerItemProxy section */
		FFCF82D01FC95D66003B7861 /* PBXContainerItemProxy */ = {
			isa = PBXContainerItemProxy;
			containerPortal = FFCF82B31FC95D66003B7861 /* Project object */;
			proxyType = 1;
			remoteGlobalIDString = FFCF82BA1FC95D66003B7861;
			remoteInfo = soundHubPractice;
		};
		FFCF82DB1FC95D66003B7861 /* PBXContainerItemProxy */ = {
			isa = PBXContainerItemProxy;
			containerPortal = FFCF82B31FC95D66003B7861 /* Project object */;
			proxyType = 1;
			remoteGlobalIDString = FFCF82BA1FC95D66003B7861;
			remoteInfo = soundHubPractice;
		};
/* End PBXContainerItemProxy section */

/* Begin PBXFileReference section */
		3F94B1440EDA863E444AD34F /* Pods_SoundHub.framework */ = {isa = PBXFileReference; explicitFileType = wrapper.framework; includeInIndex = 0; path = Pods_SoundHub.framework; sourceTree = BUILT_PRODUCTS_DIR; };
		434159AB5BE18417E2607205 /* Pods-SoundHubUITests.debug.xcconfig */ = {isa = PBXFileReference; includeInIndex = 1; lastKnownFileType = text.xcconfig; name = "Pods-SoundHubUITests.debug.xcconfig"; path = "Pods/Target Support Files/Pods-SoundHubUITests/Pods-SoundHubUITests.debug.xcconfig"; sourceTree = "<group>"; };
		4EC7FA26C4B503FAC8262F9D /* Pods-SoundHubUITests.release.xcconfig */ = {isa = PBXFileReference; includeInIndex = 1; lastKnownFileType = text.xcconfig; name = "Pods-SoundHubUITests.release.xcconfig"; path = "Pods/Target Support Files/Pods-SoundHubUITests/Pods-SoundHubUITests.release.xcconfig"; sourceTree = "<group>"; };
		6492D10D6B49087BFEF96FCA /* Pods-SoundHubTests.release.xcconfig */ = {isa = PBXFileReference; includeInIndex = 1; lastKnownFileType = text.xcconfig; name = "Pods-SoundHubTests.release.xcconfig"; path = "Pods/Target Support Files/Pods-SoundHubTests/Pods-SoundHubTests.release.xcconfig"; sourceTree = "<group>"; };
		AE770600F915C8F1A790C952 /* Pods-SoundHub.release.xcconfig */ = {isa = PBXFileReference; includeInIndex = 1; lastKnownFileType = text.xcconfig; name = "Pods-SoundHub.release.xcconfig"; path = "Pods/Target Support Files/Pods-SoundHub/Pods-SoundHub.release.xcconfig"; sourceTree = "<group>"; };
		CCF9A4D681C26D32FDD78A4F /* Pods-SoundHub.debug.xcconfig */ = {isa = PBXFileReference; includeInIndex = 1; lastKnownFileType = text.xcconfig; name = "Pods-SoundHub.debug.xcconfig"; path = "Pods/Target Support Files/Pods-SoundHub/Pods-SoundHub.debug.xcconfig"; sourceTree = "<group>"; };
		D05EBE5F32CFEB3E6E483A33 /* Pods-SoundHubTests.debug.xcconfig */ = {isa = PBXFileReference; includeInIndex = 1; lastKnownFileType = text.xcconfig; name = "Pods-SoundHubTests.debug.xcconfig"; path = "Pods/Target Support Files/Pods-SoundHubTests/Pods-SoundHubTests.debug.xcconfig"; sourceTree = "<group>"; };
		D97CA82572278A09E19CB69B /* Pods_SoundHubTests.framework */ = {isa = PBXFileReference; explicitFileType = wrapper.framework; includeInIndex = 0; path = Pods_SoundHubTests.framework; sourceTree = BUILT_PRODUCTS_DIR; };
		DFEF70D3C538FB607DF5384A /* Pods_SoundHubUITests.framework */ = {isa = PBXFileReference; explicitFileType = wrapper.framework; includeInIndex = 0; path = Pods_SoundHubUITests.framework; sourceTree = BUILT_PRODUCTS_DIR; };
		F0058B141FF751C4004CC6D1 /* UploadAudio.storyboard */ = {isa = PBXFileReference; lastKnownFileType = file.storyboard; path = UploadAudio.storyboard; sourceTree = "<group>"; };
		F0058B181FF75B22004CC6D1 /* LaunchScreenViewController.swift */ = {isa = PBXFileReference; lastKnownFileType = sourcecode.swift; path = LaunchScreenViewController.swift; sourceTree = "<group>"; };
		F0F1E0041FF20EB2007D1AE6 /* AudioUnitGenericView.swift */ = {isa = PBXFileReference; fileEncoding = 4; lastKnownFileType = sourcecode.swift; path = AudioUnitGenericView.swift; sourceTree = "<group>"; };
		FF000D981FD11F7F00678999 /* DataCenter.swift */ = {isa = PBXFileReference; lastKnownFileType = sourcecode.swift; path = DataCenter.swift; sourceTree = "<group>"; };
		FF000D9C1FD1368000678999 /* AudioUploadViewController.swift */ = {isa = PBXFileReference; lastKnownFileType = sourcecode.swift; path = AudioUploadViewController.swift; sourceTree = "<group>"; };
		FF0280551FD776CF00C0013A /* UserDefaultKey.swift */ = {isa = PBXFileReference; lastKnownFileType = sourcecode.swift; path = UserDefaultKey.swift; sourceTree = "<group>"; };
		FF0280591FD7996C00C0013A /* RecordContuctor.swift */ = {isa = PBXFileReference; lastKnownFileType = sourcecode.swift; path = RecordContuctor.swift; sourceTree = "<group>"; };
		FF02805B1FD7B9A400C0013A /* String.swift */ = {isa = PBXFileReference; lastKnownFileType = sourcecode.swift; path = String.swift; sourceTree = "<group>"; };
		FF02805D1FD805F500C0013A /* ModeToggleCell.swift */ = {isa = PBXFileReference; lastKnownFileType = sourcecode.swift; path = ModeToggleCell.swift; sourceTree = "<group>"; };
		FF0280611FD8ECD300C0013A /* UIView.swift */ = {isa = PBXFileReference; lastKnownFileType = sourcecode.swift; path = UIView.swift; sourceTree = "<group>"; };
		FF0280651FD901AB00C0013A /* Genre.swift */ = {isa = PBXFileReference; lastKnownFileType = sourcecode.swift; path = Genre.swift; sourceTree = "<group>"; };
		FF038E411FE17B1400AED2B5 /* SoundHub-Bridging-Header.h */ = {isa = PBXFileReference; lastKnownFileType = sourcecode.c.h; path = "SoundHub-Bridging-Header.h"; sourceTree = "<group>"; };
		FF1054311FD518BA00A46443 /* AudioRecorderViewController.swift */ = {isa = PBXFileReference; lastKnownFileType = sourcecode.swift; path = AudioRecorderViewController.swift; sourceTree = "<group>"; };
		FF3995D71FE3878F004B1F86 /* FlowContainerCell.swift */ = {isa = PBXFileReference; lastKnownFileType = sourcecode.swift; path = FlowContainerCell.swift; sourceTree = "<group>"; };
		FF3995D91FE38C4A004B1F86 /* PostContainerCell.swift */ = {isa = PBXFileReference; lastKnownFileType = sourcecode.swift; path = PostContainerCell.swift; sourceTree = "<group>"; };
		FF3B20AE1FCA96E30019F87A /* PopularMusicianContainerCell.swift */ = {isa = PBXFileReference; lastKnownFileType = sourcecode.swift; path = PopularMusicianContainerCell.swift; sourceTree = "<group>"; };
		FF3B20B01FCA98C50019F87A /* ChartViewController.swift */ = {isa = PBXFileReference; lastKnownFileType = sourcecode.swift; path = ChartViewController.swift; sourceTree = "<group>"; };
		FF3B20B21FCAA2700019F87A /* InspectableView.swift */ = {isa = PBXFileReference; fileEncoding = 4; lastKnownFileType = sourcecode.swift; path = InspectableView.swift; sourceTree = "<group>"; };
		FF3B20B41FCAADD80019F87A /* PostListCell.swift */ = {isa = PBXFileReference; lastKnownFileType = sourcecode.swift; path = PostListCell.swift; sourceTree = "<group>"; };
		FF3B20B71FCAC92D0019F87A /* Detail.storyboard */ = {isa = PBXFileReference; lastKnownFileType = file.storyboard; path = Detail.storyboard; sourceTree = "<group>"; };
		FF3B20B91FCACD4A0019F87A /* DetailViewController.swift */ = {isa = PBXFileReference; lastKnownFileType = sourcecode.swift; path = DetailViewController.swift; sourceTree = "<group>"; };
		FF3B20BB1FCACE8D0019F87A /* DetailHeaderCell.swift */ = {isa = PBXFileReference; lastKnownFileType = sourcecode.swift; path = DetailHeaderCell.swift; sourceTree = "<group>"; };
		FF3B20BE1FCC2B0E0019F87A /* SignInViewController.swift */ = {isa = PBXFileReference; lastKnownFileType = sourcecode.swift; path = SignInViewController.swift; sourceTree = "<group>"; };
		FF3B20C11FCC31930019F87A /* SignUpViewController.swift */ = {isa = PBXFileReference; lastKnownFileType = sourcecode.swift; path = SignUpViewController.swift; sourceTree = "<group>"; };
		FF3B20C51FCC3B930019F87A /* Instrument.swift */ = {isa = PBXFileReference; lastKnownFileType = sourcecode.swift; path = Instrument.swift; sourceTree = "<group>"; };
		FF3B20C81FCC434B0019F87A /* ProfileSetUpViewController.swift */ = {isa = PBXFileReference; lastKnownFileType = sourcecode.swift; path = ProfileSetUpViewController.swift; sourceTree = "<group>"; };
		FF4A7F9A1FCCEE090002E27A /* UIViewController.swift */ = {isa = PBXFileReference; fileEncoding = 4; lastKnownFileType = sourcecode.swift; path = UIViewController.swift; sourceTree = "<group>"; };
		FF5C013D1FD951B200F37CC9 /* GenrePickViewController.swift */ = {isa = PBXFileReference; lastKnownFileType = sourcecode.swift; path = GenrePickViewController.swift; sourceTree = "<group>"; };
		FF5C013F1FD96D0500F37CC9 /* InstrumentPickerViewController.swift */ = {isa = PBXFileReference; lastKnownFileType = sourcecode.swift; path = InstrumentPickerViewController.swift; sourceTree = "<group>"; };
		FF5C01411FDA188D00F37CC9 /* GoogleService-Info.plist */ = {isa = PBXFileReference; fileEncoding = 4; lastKnownFileType = text.plist.xml; path = "GoogleService-Info.plist"; sourceTree = "<group>"; };
		FF64BA0D1FDD36F4000A846B /* RecorderCell.swift */ = {isa = PBXFileReference; lastKnownFileType = sourcecode.swift; path = RecorderCell.swift; sourceTree = "<group>"; };
		FF688F771FCE58B700F0A41F /* SideMenuViewController.swift */ = {isa = PBXFileReference; lastKnownFileType = sourcecode.swift; path = SideMenuViewController.swift; sourceTree = "<group>"; };
		FF688F791FCE58D600F0A41F /* SideMenu.storyboard */ = {isa = PBXFileReference; lastKnownFileType = file.storyboard; path = SideMenu.storyboard; sourceTree = "<group>"; };
		FF7D6E0B1FDD630700754A7C /* AVPlayer.swift */ = {isa = PBXFileReference; lastKnownFileType = sourcecode.swift; path = AVPlayer.swift; sourceTree = "<group>"; };
		FF7DAF2A1FEBD41100AAEA83 /* SoundHub.entitlements */ = {isa = PBXFileReference; lastKnownFileType = text.plist.entitlements; path = SoundHub.entitlements; sourceTree = "<group>"; };
		FF9A84E21FC962C300AC4780 /* Chart.storyboard */ = {isa = PBXFileReference; lastKnownFileType = file.storyboard; path = Chart.storyboard; sourceTree = "<group>"; };
		FF9A84EB1FC9AE6500AC4780 /* PopularMusicianCell.swift */ = {isa = PBXFileReference; lastKnownFileType = sourcecode.swift; path = PopularMusicianCell.swift; sourceTree = "<group>"; };
		FF9D18531FDA6012008D5FD1 /* CommentContainerCell.swift */ = {isa = PBXFileReference; lastKnownFileType = sourcecode.swift; path = CommentContainerCell.swift; sourceTree = "<group>"; };
		FF9D18571FDBBF11008D5FD1 /* LoadingIndicatorViewController.swift */ = {isa = PBXFileReference; lastKnownFileType = sourcecode.swift; path = LoadingIndicatorViewController.swift; sourceTree = "<group>"; };
		FFA5A39E1FCCFD97001EA36F /* NetworkController.swift */ = {isa = PBXFileReference; lastKnownFileType = sourcecode.swift; path = NetworkController.swift; sourceTree = "<group>"; };
		FFA8A8471FE74EF6008443B4 /* LICENSE */ = {isa = PBXFileReference; fileEncoding = 4; lastKnownFileType = text; path = LICENSE; sourceTree = "<group>"; };
		FFA8A84A1FE74EF6008443B4 /* UIView+Geometry.m */ = {isa = PBXFileReference; fileEncoding = 4; lastKnownFileType = sourcecode.c.objc; path = "UIView+Geometry.m"; sourceTree = "<group>"; };
		FFA8A84B1FE74EF6008443B4 /* NCSoundHistogram.m */ = {isa = PBXFileReference; fileEncoding = 4; lastKnownFileType = sourcecode.c.objc; path = NCSoundHistogram.m; sourceTree = "<group>"; };
		FFA8A84C1FE74EF6008443B4 /* UIView+Geometry.h */ = {isa = PBXFileReference; fileEncoding = 4; lastKnownFileType = sourcecode.c.h; path = "UIView+Geometry.h"; sourceTree = "<group>"; };
		FFA8A84D1FE74EF6008443B4 /* NCSoundHistogram.h */ = {isa = PBXFileReference; fileEncoding = 4; lastKnownFileType = sourcecode.c.h; path = NCSoundHistogram.h; sourceTree = "<group>"; };
		FFA8A84E1FE74EF6008443B4 /* README.md */ = {isa = PBXFileReference; fileEncoding = 4; lastKnownFileType = net.daringfireball.markdown; path = README.md; sourceTree = "<group>"; };
		FFB2F8F71FEBDE67009E59B5 /* ActionSheetStringPicker.swift */ = {isa = PBXFileReference; lastKnownFileType = sourcecode.swift; path = ActionSheetStringPicker.swift; sourceTree = "<group>"; };
		FFB85FCB1FCE652A000E47C8 /* ProfileHeaderCell.swift */ = {isa = PBXFileReference; lastKnownFileType = sourcecode.swift; path = ProfileHeaderCell.swift; sourceTree = "<group>"; };
		FFB85FCD1FCE657F000E47C8 /* ProfileViewController.swift */ = {isa = PBXFileReference; lastKnownFileType = sourcecode.swift; path = ProfileViewController.swift; sourceTree = "<group>"; };
		FFB85FCF1FCE78B3000E47C8 /* Post.swift */ = {isa = PBXFileReference; lastKnownFileType = sourcecode.swift; path = Post.swift; sourceTree = "<group>"; };
		FFB85FD11FCE79A3000E47C8 /* User.swift */ = {isa = PBXFileReference; lastKnownFileType = sourcecode.swift; path = User.swift; sourceTree = "<group>"; };
		FFC104931FEBBA6700460FD6 /* mainNavigationController.swift */ = {isa = PBXFileReference; lastKnownFileType = sourcecode.swift; path = mainNavigationController.swift; sourceTree = "<group>"; };
		FFC104961FEBBFDD00460FD6 /* MainEntryViewController.swift */ = {isa = PBXFileReference; lastKnownFileType = sourcecode.swift; path = MainEntryViewController.swift; sourceTree = "<group>"; };
		FFC32AE31FCF8E1500651A31 /* Comment.swift */ = {isa = PBXFileReference; lastKnownFileType = sourcecode.swift; path = Comment.swift; sourceTree = "<group>"; };
		FFC32AE51FCF9F0C00651A31 /* AudioCommentCell.swift */ = {isa = PBXFileReference; lastKnownFileType = sourcecode.swift; path = AudioCommentCell.swift; sourceTree = "<group>"; };
		FFC32AE71FCFBFDB00651A31 /* MasterWaveFormViewCell.swift */ = {isa = PBXFileReference; lastKnownFileType = sourcecode.swift; path = MasterWaveFormViewCell.swift; sourceTree = "<group>"; };
		FFC32AEC1FCFD96500651A31 /* LoginResponse.swift */ = {isa = PBXFileReference; lastKnownFileType = sourcecode.swift; path = LoginResponse.swift; sourceTree = "<group>"; };
		FFCDE7D91FE7FB5C0008CCB9 /* UITableView.swift */ = {isa = PBXFileReference; lastKnownFileType = sourcecode.swift; path = UITableView.swift; sourceTree = "<group>"; };
		FFCF82BB1FC95D66003B7861 /* SoundHub.app */ = {isa = PBXFileReference; explicitFileType = wrapper.application; includeInIndex = 0; path = SoundHub.app; sourceTree = BUILT_PRODUCTS_DIR; };
		FFCF82BE1FC95D66003B7861 /* AppDelegate.swift */ = {isa = PBXFileReference; lastKnownFileType = sourcecode.swift; path = AppDelegate.swift; sourceTree = "<group>"; };
		FFCF82C31FC95D66003B7861 /* Base */ = {isa = PBXFileReference; lastKnownFileType = file.storyboard; name = Base; path = Base.lproj/Entry.storyboard; sourceTree = "<group>"; };
		FFCF82C51FC95D66003B7861 /* Assets.xcassets */ = {isa = PBXFileReference; lastKnownFileType = folder.assetcatalog; path = Assets.xcassets; sourceTree = "<group>"; };
		FFCF82C81FC95D66003B7861 /* Base */ = {isa = PBXFileReference; lastKnownFileType = file.storyboard; name = Base; path = Base.lproj/LaunchScreen.storyboard; sourceTree = "<group>"; };
		FFCF82CA1FC95D66003B7861 /* Info.plist */ = {isa = PBXFileReference; lastKnownFileType = text.plist.xml; path = Info.plist; sourceTree = "<group>"; };
		FFCF82CF1FC95D66003B7861 /* SoundHubTests.xctest */ = {isa = PBXFileReference; explicitFileType = wrapper.cfbundle; includeInIndex = 0; path = SoundHubTests.xctest; sourceTree = BUILT_PRODUCTS_DIR; };
		FFCF82D31FC95D66003B7861 /* soundHubPracticeTests.swift */ = {isa = PBXFileReference; lastKnownFileType = sourcecode.swift; path = soundHubPracticeTests.swift; sourceTree = "<group>"; };
		FFCF82D51FC95D66003B7861 /* Info.plist */ = {isa = PBXFileReference; lastKnownFileType = text.plist.xml; path = Info.plist; sourceTree = "<group>"; };
		FFCF82DA1FC95D66003B7861 /* SoundHubUITests.xctest */ = {isa = PBXFileReference; explicitFileType = wrapper.cfbundle; includeInIndex = 0; path = SoundHubUITests.xctest; sourceTree = BUILT_PRODUCTS_DIR; };
		FFCF82DE1FC95D66003B7861 /* SoundHubUITests.swift */ = {isa = PBXFileReference; lastKnownFileType = sourcecode.swift; path = SoundHubUITests.swift; sourceTree = "<group>"; };
		FFCF82E01FC95D66003B7861 /* Info.plist */ = {isa = PBXFileReference; lastKnownFileType = text.plist.xml; path = Info.plist; sourceTree = "<group>"; };
		FFCF82EC1FC95E07003B7861 /* EntryViewController.swift */ = {isa = PBXFileReference; lastKnownFileType = sourcecode.swift; path = EntryViewController.swift; sourceTree = "<group>"; };
		FFCF82EE1FC95E6D003B7861 /* SignUP_SignIn.storyboard */ = {isa = PBXFileReference; lastKnownFileType = file.storyboard; path = SignUP_SignIn.storyboard; sourceTree = "<group>"; };
		FFD500AB1FDE509F008464A8 /* PlayBarController.swift */ = {isa = PBXFileReference; lastKnownFileType = sourcecode.swift; path = PlayBarController.swift; sourceTree = "<group>"; };
		FFEAE1A81FEA52B700FD7D7F /* AUCell.swift */ = {isa = PBXFileReference; lastKnownFileType = sourcecode.swift; path = AUCell.swift; sourceTree = "<group>"; };
/* End PBXFileReference section */

/* Begin PBXFrameworksBuildPhase section */
		FFCF82B81FC95D66003B7861 /* Frameworks */ = {
			isa = PBXFrameworksBuildPhase;
			buildActionMask = 2147483647;
			files = (
				8C64A22E72B4C054AEC0195F /* Pods_SoundHub.framework in Frameworks */,
			);
			runOnlyForDeploymentPostprocessing = 0;
		};
		FFCF82CC1FC95D66003B7861 /* Frameworks */ = {
			isa = PBXFrameworksBuildPhase;
			buildActionMask = 2147483647;
			files = (
				3C7582719DEC0BCF97AC9658 /* Pods_SoundHubTests.framework in Frameworks */,
			);
			runOnlyForDeploymentPostprocessing = 0;
		};
		FFCF82D71FC95D66003B7861 /* Frameworks */ = {
			isa = PBXFrameworksBuildPhase;
			buildActionMask = 2147483647;
			files = (
				514AE9D3C68525A59E406194 /* Pods_SoundHubUITests.framework in Frameworks */,
			);
			runOnlyForDeploymentPostprocessing = 0;
		};
/* End PBXFrameworksBuildPhase section */

/* Begin PBXGroup section */
		967939E6E3BED4CA83F262A3 /* Pods */ = {
			isa = PBXGroup;
			children = (
				CCF9A4D681C26D32FDD78A4F /* Pods-SoundHub.debug.xcconfig */,
				AE770600F915C8F1A790C952 /* Pods-SoundHub.release.xcconfig */,
				D05EBE5F32CFEB3E6E483A33 /* Pods-SoundHubTests.debug.xcconfig */,
				6492D10D6B49087BFEF96FCA /* Pods-SoundHubTests.release.xcconfig */,
				434159AB5BE18417E2607205 /* Pods-SoundHubUITests.debug.xcconfig */,
				4EC7FA26C4B503FAC8262F9D /* Pods-SoundHubUITests.release.xcconfig */,
			);
			name = Pods;
			sourceTree = "<group>";
		};
		B8F68593BF37E0BBB183F1A1 /* Frameworks */ = {
			isa = PBXGroup;
			children = (
				3F94B1440EDA863E444AD34F /* Pods_SoundHub.framework */,
				D97CA82572278A09E19CB69B /* Pods_SoundHubTests.framework */,
				DFEF70D3C538FB607DF5384A /* Pods_SoundHubUITests.framework */,
			);
			name = Frameworks;
			sourceTree = "<group>";
		};
		F0058B161FF757F5004CC6D1 /* UploadAudio */ = {
			isa = PBXGroup;
			children = (
				F0058B141FF751C4004CC6D1 /* UploadAudio.storyboard */,
				F0058B171FF75858004CC6D1 /* CustomViews */,
				FF1054311FD518BA00A46443 /* AudioRecorderViewController.swift */,
				FF000D9C1FD1368000678999 /* AudioUploadViewController.swift */,
			);
			path = UploadAudio;
			sourceTree = "<group>";
		};
		F0058B171FF75858004CC6D1 /* CustomViews */ = {
			isa = PBXGroup;
			children = (
				FFEAE1A81FEA52B700FD7D7F /* AUCell.swift */,
				F0F1E0041FF20EB2007D1AE6 /* AudioUnitGenericView.swift */,
			);
			path = CustomViews;
			sourceTree = "<group>";
		};
		FF000D971FD0FB8900678999 /* Activities */ = {
			isa = PBXGroup;
			children = (
				FFCF82C21FC95D66003B7861 /* Entry.storyboard */,
				FFCF82EC1FC95E07003B7861 /* EntryViewController.swift */,
				FF3B20C01FCC2B170019F87A /* SignUp_SignIn */,
				FF9A84E81FC9A4CE00AC4780 /* Chart */,
				FF688F7B1FCE5C1F00F0A41F /* SideMenu */,
				FF3B20BD1FCAD5F50019F87A /* PostDetail */,
				F0058B161FF757F5004CC6D1 /* UploadAudio */,
			);
			path = Activities;
			sourceTree = "<group>";
		};
		FF3995DB1FE38C55004B1F86 /* CustomCells */ = {
			isa = PBXGroup;
			children = (
				FF3995D91FE38C4A004B1F86 /* PostContainerCell.swift */,
				FFB85FCB1FCE652A000E47C8 /* ProfileHeaderCell.swift */,
				FF3995D71FE3878F004B1F86 /* FlowContainerCell.swift */,
			);
			path = CustomCells;
			sourceTree = "<group>";
		};
		FF3B20B61FCAC7B70019F87A /* CustomCells */ = {
			isa = PBXGroup;
			children = (
				FF9A84EB1FC9AE6500AC4780 /* PopularMusicianCell.swift */,
				FF3B20AE1FCA96E30019F87A /* PopularMusicianContainerCell.swift */,
				FF3B20B41FCAADD80019F87A /* PostListCell.swift */,
			);
			path = CustomCells;
			sourceTree = "<group>";
		};
		FF3B20BD1FCAD5F50019F87A /* PostDetail */ = {
			isa = PBXGroup;
			children = (
				FFC32AE91FCFBFEA00651A31 /* CustomCell */,
				FF3B20B71FCAC92D0019F87A /* Detail.storyboard */,
				FF3B20B91FCACD4A0019F87A /* DetailViewController.swift */,
			);
			path = PostDetail;
			sourceTree = "<group>";
		};
		FF3B20C01FCC2B170019F87A /* SignUp_SignIn */ = {
			isa = PBXGroup;
			children = (
				FFCF82EE1FC95E6D003B7861 /* SignUP_SignIn.storyboard */,
				FFC104961FEBBFDD00460FD6 /* MainEntryViewController.swift */,
				FF3B20C81FCC434B0019F87A /* ProfileSetUpViewController.swift */,
				FF3B20C11FCC31930019F87A /* SignUpViewController.swift */,
				FF3B20BE1FCC2B0E0019F87A /* SignInViewController.swift */,
			);
			path = SignUp_SignIn;
			sourceTree = "<group>";
		};
		FF3B20C71FCC3C9F0019F87A /* Models */ = {
			isa = PBXGroup;
			children = (
				FFB85FCF1FCE78B3000E47C8 /* Post.swift */,
				FFC32AE31FCF8E1500651A31 /* Comment.swift */,
				FFB85FD11FCE79A3000E47C8 /* User.swift */,
				FF3B20C51FCC3B930019F87A /* Instrument.swift */,
				FFC32AEC1FCFD96500651A31 /* LoginResponse.swift */,
				FF0280651FD901AB00C0013A /* Genre.swift */,
			);
			path = Models;
			sourceTree = "<group>";
		};
		FF4A7F9C1FCCEE180002E27A /* Extensions */ = {
			isa = PBXGroup;
			children = (
				FF3B20B21FCAA2700019F87A /* InspectableView.swift */,
				FF0280611FD8ECD300C0013A /* UIView.swift */,
				FF4A7F9A1FCCEE090002E27A /* UIViewController.swift */,
				FF0280551FD776CF00C0013A /* UserDefaultKey.swift */,
				FF02805B1FD7B9A400C0013A /* String.swift */,
				FF7D6E0B1FDD630700754A7C /* AVPlayer.swift */,
				FFCDE7D91FE7FB5C0008CCB9 /* UITableView.swift */,
				FFB2F8F71FEBDE67009E59B5 /* ActionSheetStringPicker.swift */,
			);
			path = Extensions;
			sourceTree = "<group>";
		};
		FF688F7B1FCE5C1F00F0A41F /* SideMenu */ = {
			isa = PBXGroup;
			children = (
				FF688F791FCE58D600F0A41F /* SideMenu.storyboard */,
				FF3995DB1FE38C55004B1F86 /* CustomCells */,
				FFB85FCD1FCE657F000E47C8 /* ProfileViewController.swift */,
				FF688F771FCE58B700F0A41F /* SideMenuViewController.swift */,
			);
			path = SideMenu;
			sourceTree = "<group>";
		};
		FF9A84E81FC9A4CE00AC4780 /* Chart */ = {
			isa = PBXGroup;
			children = (
				FF9A84E21FC962C300AC4780 /* Chart.storyboard */,
				FFC104931FEBBA6700460FD6 /* mainNavigationController.swift */,
				FF3B20B01FCA98C50019F87A /* ChartViewController.swift */,
				FF9D18571FDBBF11008D5FD1 /* LoadingIndicatorViewController.swift */,
				FF5C013F1FD96D0500F37CC9 /* InstrumentPickerViewController.swift */,
				FF5C013D1FD951B200F37CC9 /* GenrePickViewController.swift */,
				FF3B20B61FCAC7B70019F87A /* CustomCells */,
			);
			path = Chart;
			sourceTree = "<group>";
		};
		FFA8A8461FE74EF6008443B4 /* NCSoundHistogram */ = {
			isa = PBXGroup;
			children = (
				FFA8A8471FE74EF6008443B4 /* LICENSE */,
				FFA8A8481FE74EF6008443B4 /* NCSoundHistogram */,
				FFA8A84E1FE74EF6008443B4 /* README.md */,
			);
			path = NCSoundHistogram;
			sourceTree = "<group>";
		};
		FFA8A8481FE74EF6008443B4 /* NCSoundHistogram */ = {
			isa = PBXGroup;
			children = (
				FFA8A8491FE74EF6008443B4 /* Classes */,
			);
			path = NCSoundHistogram;
			sourceTree = "<group>";
		};
		FFA8A8491FE74EF6008443B4 /* Classes */ = {
			isa = PBXGroup;
			children = (
				FFA8A84A1FE74EF6008443B4 /* UIView+Geometry.m */,
				FFA8A84B1FE74EF6008443B4 /* NCSoundHistogram.m */,
				FFA8A84C1FE74EF6008443B4 /* UIView+Geometry.h */,
				FFA8A84D1FE74EF6008443B4 /* NCSoundHistogram.h */,
			);
			path = Classes;
			sourceTree = "<group>";
		};
		FFC104951FEBBDEB00460FD6 /* Singletons */ = {
			isa = PBXGroup;
			children = (
				FFA5A39E1FCCFD97001EA36F /* NetworkController.swift */,
				FF0280591FD7996C00C0013A /* RecordContuctor.swift */,
				FF000D981FD11F7F00678999 /* DataCenter.swift */,
				FFD500AB1FDE509F008464A8 /* PlayBarController.swift */,
			);
			path = Singletons;
			sourceTree = "<group>";
		};
		FFC32AE91FCFBFEA00651A31 /* CustomCell */ = {
			isa = PBXGroup;
			children = (
				FF3B20BB1FCACE8D0019F87A /* DetailHeaderCell.swift */,
				FFC32AE51FCF9F0C00651A31 /* AudioCommentCell.swift */,
				FF02805D1FD805F500C0013A /* ModeToggleCell.swift */,
				FFC32AE71FCFBFDB00651A31 /* MasterWaveFormViewCell.swift */,
				FF9D18531FDA6012008D5FD1 /* CommentContainerCell.swift */,
				FF64BA0D1FDD36F4000A846B /* RecorderCell.swift */,
			);
			path = CustomCell;
			sourceTree = "<group>";
		};
		FFCF82B21FC95D66003B7861 = {
			isa = PBXGroup;
			children = (
				FFCF82BD1FC95D66003B7861 /* SoundHub */,
				FFCF82D21FC95D66003B7861 /* SoundHubTests */,
				FFCF82DD1FC95D66003B7861 /* SoundHubUITests */,
				FFCF82BC1FC95D66003B7861 /* Products */,
				967939E6E3BED4CA83F262A3 /* Pods */,
				B8F68593BF37E0BBB183F1A1 /* Frameworks */,
			);
			sourceTree = "<group>";
		};
		FFCF82BC1FC95D66003B7861 /* Products */ = {
			isa = PBXGroup;
			children = (
				FFCF82BB1FC95D66003B7861 /* SoundHub.app */,
				FFCF82CF1FC95D66003B7861 /* SoundHubTests.xctest */,
				FFCF82DA1FC95D66003B7861 /* SoundHubUITests.xctest */,
			);
			name = Products;
			sourceTree = "<group>";
		};
		FFCF82BD1FC95D66003B7861 /* SoundHub */ = {
			isa = PBXGroup;
			children = (
				FF7DAF2A1FEBD41100AAEA83 /* SoundHub.entitlements */,
				FFA8A8461FE74EF6008443B4 /* NCSoundHistogram */,
				FF5C01411FDA188D00F37CC9 /* GoogleService-Info.plist */,
				FFCF82BE1FC95D66003B7861 /* AppDelegate.swift */,
				FFC104951FEBBDEB00460FD6 /* Singletons */,
				FF3B20C71FCC3C9F0019F87A /* Models */,
				FF4A7F9C1FCCEE180002E27A /* Extensions */,
				FF000D971FD0FB8900678999 /* Activities */,
				FFCF82C51FC95D66003B7861 /* Assets.xcassets */,
				FFCF82C71FC95D66003B7861 /* LaunchScreen.storyboard */,
				F0058B181FF75B22004CC6D1 /* LaunchScreenViewController.swift */,
				FFCF82CA1FC95D66003B7861 /* Info.plist */,
				FF038E411FE17B1400AED2B5 /* SoundHub-Bridging-Header.h */,
			);
			path = SoundHub;
			sourceTree = "<group>";
		};
		FFCF82D21FC95D66003B7861 /* SoundHubTests */ = {
			isa = PBXGroup;
			children = (
				FFCF82D31FC95D66003B7861 /* soundHubPracticeTests.swift */,
				FFCF82D51FC95D66003B7861 /* Info.plist */,
			);
			path = SoundHubTests;
			sourceTree = "<group>";
		};
		FFCF82DD1FC95D66003B7861 /* SoundHubUITests */ = {
			isa = PBXGroup;
			children = (
				FFCF82DE1FC95D66003B7861 /* SoundHubUITests.swift */,
				FFCF82E01FC95D66003B7861 /* Info.plist */,
			);
			path = SoundHubUITests;
			sourceTree = "<group>";
		};
/* End PBXGroup section */

/* Begin PBXNativeTarget section */
		FFCF82BA1FC95D66003B7861 /* SoundHub */ = {
			isa = PBXNativeTarget;
			buildConfigurationList = FFCF82E31FC95D66003B7861 /* Build configuration list for PBXNativeTarget "SoundHub" */;
			buildPhases = (
				37CB4F1E65395CA35E64488C /* [CP] Check Pods Manifest.lock */,
				FFCF82B71FC95D66003B7861 /* Sources */,
				FFCF82B81FC95D66003B7861 /* Frameworks */,
				FFCF82B91FC95D66003B7861 /* Resources */,
				DB25F33641692DBEA38EE203 /* [CP] Embed Pods Frameworks */,
				D041DF92D08272798AE44498 /* [CP] Copy Pods Resources */,
			);
			buildRules = (
			);
			dependencies = (
			);
			name = SoundHub;
			productName = soundHubPractice;
			productReference = FFCF82BB1FC95D66003B7861 /* SoundHub.app */;
			productType = "com.apple.product-type.application";
		};
		FFCF82CE1FC95D66003B7861 /* SoundHubTests */ = {
			isa = PBXNativeTarget;
			buildConfigurationList = FFCF82E61FC95D66003B7861 /* Build configuration list for PBXNativeTarget "SoundHubTests" */;
			buildPhases = (
				8504D2E0DE2F884DF5B5373D /* [CP] Check Pods Manifest.lock */,
				FFCF82CB1FC95D66003B7861 /* Sources */,
				FFCF82CC1FC95D66003B7861 /* Frameworks */,
				FFCF82CD1FC95D66003B7861 /* Resources */,
				7C29ADAE179A5CF98C1F3950 /* [CP] Embed Pods Frameworks */,
				D2322EB168AD005ACF550774 /* [CP] Copy Pods Resources */,
			);
			buildRules = (
			);
			dependencies = (
				FFCF82D11FC95D66003B7861 /* PBXTargetDependency */,
			);
			name = SoundHubTests;
			productName = soundHubPracticeTests;
			productReference = FFCF82CF1FC95D66003B7861 /* SoundHubTests.xctest */;
			productType = "com.apple.product-type.bundle.unit-test";
		};
		FFCF82D91FC95D66003B7861 /* SoundHubUITests */ = {
			isa = PBXNativeTarget;
			buildConfigurationList = FFCF82E91FC95D66003B7861 /* Build configuration list for PBXNativeTarget "SoundHubUITests" */;
			buildPhases = (
				5802026CD12777973FD41FE4 /* [CP] Check Pods Manifest.lock */,
				FFCF82D61FC95D66003B7861 /* Sources */,
				FFCF82D71FC95D66003B7861 /* Frameworks */,
				FFCF82D81FC95D66003B7861 /* Resources */,
				F51D325A2DAE3858908B9595 /* [CP] Embed Pods Frameworks */,
				626CED7B72F77CBB8445E856 /* [CP] Copy Pods Resources */,
			);
			buildRules = (
			);
			dependencies = (
				FFCF82DC1FC95D66003B7861 /* PBXTargetDependency */,
			);
			name = SoundHubUITests;
			productName = soundHubPracticeUITests;
			productReference = FFCF82DA1FC95D66003B7861 /* SoundHubUITests.xctest */;
			productType = "com.apple.product-type.bundle.ui-testing";
		};
/* End PBXNativeTarget section */

/* Begin PBXProject section */
		FFCF82B31FC95D66003B7861 /* Project object */ = {
			isa = PBXProject;
			attributes = {
				LastSwiftUpdateCheck = 0910;
				LastUpgradeCheck = 0910;
				ORGANIZATIONNAME = "류성두";
				TargetAttributes = {
					FFCF82BA1FC95D66003B7861 = {
						CreatedOnToolsVersion = 9.1;
						LastSwiftMigration = 0920;
						ProvisioningStyle = Automatic;
						SystemCapabilities = {
							com.apple.Push = {
								enabled = 1;
							};
							com.apple.iCloud = {
								enabled = 1;
							};
						};
					};
					FFCF82CE1FC95D66003B7861 = {
						CreatedOnToolsVersion = 9.1;
						ProvisioningStyle = Automatic;
						TestTargetID = FFCF82BA1FC95D66003B7861;
					};
					FFCF82D91FC95D66003B7861 = {
						CreatedOnToolsVersion = 9.1;
						ProvisioningStyle = Automatic;
						TestTargetID = FFCF82BA1FC95D66003B7861;
					};
				};
			};
			buildConfigurationList = FFCF82B61FC95D66003B7861 /* Build configuration list for PBXProject "SoundHub" */;
			compatibilityVersion = "Xcode 8.0";
			developmentRegion = en;
			hasScannedForEncodings = 0;
			knownRegions = (
				en,
				Base,
			);
			mainGroup = FFCF82B21FC95D66003B7861;
			productRefGroup = FFCF82BC1FC95D66003B7861 /* Products */;
			projectDirPath = "";
			projectRoot = "";
			targets = (
				FFCF82BA1FC95D66003B7861 /* SoundHub */,
				FFCF82CE1FC95D66003B7861 /* SoundHubTests */,
				FFCF82D91FC95D66003B7861 /* SoundHubUITests */,
			);
		};
/* End PBXProject section */

/* Begin PBXResourcesBuildPhase section */
		FFCF82B91FC95D66003B7861 /* Resources */ = {
			isa = PBXResourcesBuildPhase;
			buildActionMask = 2147483647;
			files = (
				FFCF82EF1FC95E6D003B7861 /* SignUP_SignIn.storyboard in Resources */,
				FF688F7A1FCE58D600F0A41F /* SideMenu.storyboard in Resources */,
				FF3B20B81FCAC92D0019F87A /* Detail.storyboard in Resources */,
				FFA8A84F1FE74EF7008443B4 /* LICENSE in Resources */,
				FFCF82C91FC95D66003B7861 /* LaunchScreen.storyboard in Resources */,
				FFCF82C61FC95D66003B7861 /* Assets.xcassets in Resources */,
				FF5C01421FDA188D00F37CC9 /* GoogleService-Info.plist in Resources */,
				FF9A84E31FC962C300AC4780 /* Chart.storyboard in Resources */,
				FFA8A8521FE74EF7008443B4 /* README.md in Resources */,
				FFCF82C41FC95D66003B7861 /* Entry.storyboard in Resources */,
				F0058B151FF751C4004CC6D1 /* UploadAudio.storyboard in Resources */,
			);
			runOnlyForDeploymentPostprocessing = 0;
		};
		FFCF82CD1FC95D66003B7861 /* Resources */ = {
			isa = PBXResourcesBuildPhase;
			buildActionMask = 2147483647;
			files = (
			);
			runOnlyForDeploymentPostprocessing = 0;
		};
		FFCF82D81FC95D66003B7861 /* Resources */ = {
			isa = PBXResourcesBuildPhase;
			buildActionMask = 2147483647;
			files = (
			);
			runOnlyForDeploymentPostprocessing = 0;
		};
/* End PBXResourcesBuildPhase section */

/* Begin PBXShellScriptBuildPhase section */
		37CB4F1E65395CA35E64488C /* [CP] Check Pods Manifest.lock */ = {
			isa = PBXShellScriptBuildPhase;
			buildActionMask = 2147483647;
			files = (
			);
			inputPaths = (
				"${PODS_PODFILE_DIR_PATH}/Podfile.lock",
				"${PODS_ROOT}/Manifest.lock",
			);
			name = "[CP] Check Pods Manifest.lock";
			outputPaths = (
				"$(DERIVED_FILE_DIR)/Pods-SoundHub-checkManifestLockResult.txt",
			);
			runOnlyForDeploymentPostprocessing = 0;
			shellPath = /bin/sh;
			shellScript = "diff \"${PODS_PODFILE_DIR_PATH}/Podfile.lock\" \"${PODS_ROOT}/Manifest.lock\" > /dev/null\nif [ $? != 0 ] ; then\n    # print error to STDERR\n    echo \"error: The sandbox is not in sync with the Podfile.lock. Run 'pod install' or update your CocoaPods installation.\" >&2\n    exit 1\nfi\n# This output is used by Xcode 'outputs' to avoid re-running this script phase.\necho \"SUCCESS\" > \"${SCRIPT_OUTPUT_FILE_0}\"\n";
			showEnvVarsInLog = 0;
		};
		5802026CD12777973FD41FE4 /* [CP] Check Pods Manifest.lock */ = {
			isa = PBXShellScriptBuildPhase;
			buildActionMask = 2147483647;
			files = (
			);
			inputPaths = (
				"${PODS_PODFILE_DIR_PATH}/Podfile.lock",
				"${PODS_ROOT}/Manifest.lock",
			);
			name = "[CP] Check Pods Manifest.lock";
			outputPaths = (
				"$(DERIVED_FILE_DIR)/Pods-SoundHubUITests-checkManifestLockResult.txt",
			);
			runOnlyForDeploymentPostprocessing = 0;
			shellPath = /bin/sh;
			shellScript = "diff \"${PODS_PODFILE_DIR_PATH}/Podfile.lock\" \"${PODS_ROOT}/Manifest.lock\" > /dev/null\nif [ $? != 0 ] ; then\n    # print error to STDERR\n    echo \"error: The sandbox is not in sync with the Podfile.lock. Run 'pod install' or update your CocoaPods installation.\" >&2\n    exit 1\nfi\n# This output is used by Xcode 'outputs' to avoid re-running this script phase.\necho \"SUCCESS\" > \"${SCRIPT_OUTPUT_FILE_0}\"\n";
			showEnvVarsInLog = 0;
		};
		626CED7B72F77CBB8445E856 /* [CP] Copy Pods Resources */ = {
			isa = PBXShellScriptBuildPhase;
			buildActionMask = 2147483647;
			files = (
			);
			inputPaths = (
				"${SRCROOT}/Pods/Target Support Files/Pods-SoundHubUITests/Pods-SoundHubUITests-resources.sh",
				"${PODS_ROOT}/GoogleSignIn/Resources/GoogleSignIn.bundle",
			);
			name = "[CP] Copy Pods Resources";
			outputPaths = (
				"${TARGET_BUILD_DIR}/${UNLOCALIZED_RESOURCES_FOLDER_PATH}",
			);
			runOnlyForDeploymentPostprocessing = 0;
			shellPath = /bin/sh;
			shellScript = "\"${SRCROOT}/Pods/Target Support Files/Pods-SoundHubUITests/Pods-SoundHubUITests-resources.sh\"\n";
			showEnvVarsInLog = 0;
		};
		7C29ADAE179A5CF98C1F3950 /* [CP] Embed Pods Frameworks */ = {
			isa = PBXShellScriptBuildPhase;
			buildActionMask = 2147483647;
			files = (
			);
			inputPaths = (
			);
			name = "[CP] Embed Pods Frameworks";
			outputPaths = (
			);
			runOnlyForDeploymentPostprocessing = 0;
			shellPath = /bin/sh;
			shellScript = "\"${SRCROOT}/Pods/Target Support Files/Pods-SoundHubTests/Pods-SoundHubTests-frameworks.sh\"\n";
			showEnvVarsInLog = 0;
		};
		8504D2E0DE2F884DF5B5373D /* [CP] Check Pods Manifest.lock */ = {
			isa = PBXShellScriptBuildPhase;
			buildActionMask = 2147483647;
			files = (
			);
			inputPaths = (
				"${PODS_PODFILE_DIR_PATH}/Podfile.lock",
				"${PODS_ROOT}/Manifest.lock",
			);
			name = "[CP] Check Pods Manifest.lock";
			outputPaths = (
				"$(DERIVED_FILE_DIR)/Pods-SoundHubTests-checkManifestLockResult.txt",
			);
			runOnlyForDeploymentPostprocessing = 0;
			shellPath = /bin/sh;
			shellScript = "diff \"${PODS_PODFILE_DIR_PATH}/Podfile.lock\" \"${PODS_ROOT}/Manifest.lock\" > /dev/null\nif [ $? != 0 ] ; then\n    # print error to STDERR\n    echo \"error: The sandbox is not in sync with the Podfile.lock. Run 'pod install' or update your CocoaPods installation.\" >&2\n    exit 1\nfi\n# This output is used by Xcode 'outputs' to avoid re-running this script phase.\necho \"SUCCESS\" > \"${SCRIPT_OUTPUT_FILE_0}\"\n";
			showEnvVarsInLog = 0;
		};
		D041DF92D08272798AE44498 /* [CP] Copy Pods Resources */ = {
			isa = PBXShellScriptBuildPhase;
			buildActionMask = 2147483647;
			files = (
			);
			inputPaths = (
				"${SRCROOT}/Pods/Target Support Files/Pods-SoundHub/Pods-SoundHub-resources.sh",
				"${PODS_ROOT}/GoogleSignIn/Resources/GoogleSignIn.bundle",
			);
			name = "[CP] Copy Pods Resources";
			outputPaths = (
				"${TARGET_BUILD_DIR}/${UNLOCALIZED_RESOURCES_FOLDER_PATH}",
			);
			runOnlyForDeploymentPostprocessing = 0;
			shellPath = /bin/sh;
			shellScript = "\"${SRCROOT}/Pods/Target Support Files/Pods-SoundHub/Pods-SoundHub-resources.sh\"\n";
			showEnvVarsInLog = 0;
		};
		D2322EB168AD005ACF550774 /* [CP] Copy Pods Resources */ = {
			isa = PBXShellScriptBuildPhase;
			buildActionMask = 2147483647;
			files = (
			);
			inputPaths = (
			);
			name = "[CP] Copy Pods Resources";
			outputPaths = (
			);
			runOnlyForDeploymentPostprocessing = 0;
			shellPath = /bin/sh;
			shellScript = "\"${SRCROOT}/Pods/Target Support Files/Pods-SoundHubTests/Pods-SoundHubTests-resources.sh\"\n";
			showEnvVarsInLog = 0;
		};
		DB25F33641692DBEA38EE203 /* [CP] Embed Pods Frameworks */ = {
			isa = PBXShellScriptBuildPhase;
			buildActionMask = 2147483647;
			files = (
			);
			inputPaths = (
				"${SRCROOT}/Pods/Target Support Files/Pods-SoundHub/Pods-SoundHub-frameworks.sh",
				"${BUILT_PRODUCTS_DIR}/ActionSheetPicker-3.0/ActionSheetPicker_3_0.framework",
				"${BUILT_PRODUCTS_DIR}/Alamofire/Alamofire.framework",
				"${BUILT_PRODUCTS_DIR}/AlamofireImage/AlamofireImage.framework",
				"${PODS_ROOT}/AudioKit/iOS/AudioKit.framework",
				"${PODS_ROOT}/AudioKit/iOS/AudioKitUI.framework",
				"${BUILT_PRODUCTS_DIR}/FDWaveformView/FDWaveformView.framework",
				"${BUILT_PRODUCTS_DIR}/Fingertips/Fingertips.framework",
				"${BUILT_PRODUCTS_DIR}/GTMOAuth2/GTMOAuth2.framework",
				"${BUILT_PRODUCTS_DIR}/GTMSessionFetcher/GTMSessionFetcher.framework",
				"${BUILT_PRODUCTS_DIR}/GoogleToolboxForMac/GoogleToolboxForMac.framework",
				"${BUILT_PRODUCTS_DIR}/LPSnackbar/LPSnackbar.framework",
				"${BUILT_PRODUCTS_DIR}/NVActivityIndicatorView/NVActivityIndicatorView.framework",
				"${BUILT_PRODUCTS_DIR}/SideMenu/SideMenu.framework",
			);
			name = "[CP] Embed Pods Frameworks";
			outputPaths = (
				"${TARGET_BUILD_DIR}/${FRAMEWORKS_FOLDER_PATH}/ActionSheetPicker_3_0.framework",
				"${TARGET_BUILD_DIR}/${FRAMEWORKS_FOLDER_PATH}/Alamofire.framework",
				"${TARGET_BUILD_DIR}/${FRAMEWORKS_FOLDER_PATH}/AlamofireImage.framework",
				"${TARGET_BUILD_DIR}/${FRAMEWORKS_FOLDER_PATH}/AudioKit.framework",
				"${TARGET_BUILD_DIR}/${FRAMEWORKS_FOLDER_PATH}/AudioKitUI.framework",
				"${TARGET_BUILD_DIR}/${FRAMEWORKS_FOLDER_PATH}/FDWaveformView.framework",
				"${TARGET_BUILD_DIR}/${FRAMEWORKS_FOLDER_PATH}/Fingertips.framework",
				"${TARGET_BUILD_DIR}/${FRAMEWORKS_FOLDER_PATH}/GTMOAuth2.framework",
				"${TARGET_BUILD_DIR}/${FRAMEWORKS_FOLDER_PATH}/GTMSessionFetcher.framework",
				"${TARGET_BUILD_DIR}/${FRAMEWORKS_FOLDER_PATH}/GoogleToolboxForMac.framework",
				"${TARGET_BUILD_DIR}/${FRAMEWORKS_FOLDER_PATH}/LPSnackbar.framework",
				"${TARGET_BUILD_DIR}/${FRAMEWORKS_FOLDER_PATH}/NVActivityIndicatorView.framework",
				"${TARGET_BUILD_DIR}/${FRAMEWORKS_FOLDER_PATH}/SideMenu.framework",
			);
			runOnlyForDeploymentPostprocessing = 0;
			shellPath = /bin/sh;
			shellScript = "\"${SRCROOT}/Pods/Target Support Files/Pods-SoundHub/Pods-SoundHub-frameworks.sh\"\n";
			showEnvVarsInLog = 0;
		};
		F51D325A2DAE3858908B9595 /* [CP] Embed Pods Frameworks */ = {
			isa = PBXShellScriptBuildPhase;
			buildActionMask = 2147483647;
			files = (
			);
			inputPaths = (
				"${SRCROOT}/Pods/Target Support Files/Pods-SoundHubUITests/Pods-SoundHubUITests-frameworks.sh",
				"${BUILT_PRODUCTS_DIR}/ActionSheetPicker-3.0/ActionSheetPicker_3_0.framework",
				"${BUILT_PRODUCTS_DIR}/Alamofire/Alamofire.framework",
				"${BUILT_PRODUCTS_DIR}/AlamofireImage/AlamofireImage.framework",
				"${PODS_ROOT}/AudioKit/iOS/AudioKit.framework",
				"${PODS_ROOT}/AudioKit/iOS/AudioKitUI.framework",
				"${BUILT_PRODUCTS_DIR}/FDWaveformView/FDWaveformView.framework",
				"${BUILT_PRODUCTS_DIR}/NVActivityIndicatorView/NVActivityIndicatorView.framework",
				"${BUILT_PRODUCTS_DIR}/SideMenu/SideMenu.framework",
			);
			name = "[CP] Embed Pods Frameworks";
			outputPaths = (
				"${TARGET_BUILD_DIR}/${FRAMEWORKS_FOLDER_PATH}/ActionSheetPicker_3_0.framework",
				"${TARGET_BUILD_DIR}/${FRAMEWORKS_FOLDER_PATH}/Alamofire.framework",
				"${TARGET_BUILD_DIR}/${FRAMEWORKS_FOLDER_PATH}/AlamofireImage.framework",
				"${TARGET_BUILD_DIR}/${FRAMEWORKS_FOLDER_PATH}/AudioKit.framework",
				"${TARGET_BUILD_DIR}/${FRAMEWORKS_FOLDER_PATH}/AudioKitUI.framework",
				"${TARGET_BUILD_DIR}/${FRAMEWORKS_FOLDER_PATH}/FDWaveformView.framework",
				"${TARGET_BUILD_DIR}/${FRAMEWORKS_FOLDER_PATH}/NVActivityIndicatorView.framework",
				"${TARGET_BUILD_DIR}/${FRAMEWORKS_FOLDER_PATH}/SideMenu.framework",
			);
			runOnlyForDeploymentPostprocessing = 0;
			shellPath = /bin/sh;
			shellScript = "\"${SRCROOT}/Pods/Target Support Files/Pods-SoundHubUITests/Pods-SoundHubUITests-frameworks.sh\"\n";
			showEnvVarsInLog = 0;
		};
/* End PBXShellScriptBuildPhase section */

/* Begin PBXSourcesBuildPhase section */
		FFCF82B71FC95D66003B7861 /* Sources */ = {
			isa = PBXSourcesBuildPhase;
			buildActionMask = 2147483647;
			files = (
				FFA8A8511FE74EF7008443B4 /* NCSoundHistogram.m in Sources */,
				FF5C01401FD96D0500F37CC9 /* InstrumentPickerViewController.swift in Sources */,
				FF3B20BA1FCACD4A0019F87A /* DetailViewController.swift in Sources */,
				FFB85FD01FCE78B3000E47C8 /* Post.swift in Sources */,
				FFCF82BF1FC95D66003B7861 /* AppDelegate.swift in Sources */,
				FFC104971FEBBFDD00460FD6 /* MainEntryViewController.swift in Sources */,
				FF5C013E1FD951B200F37CC9 /* GenrePickViewController.swift in Sources */,
				FFC104941FEBBA6700460FD6 /* mainNavigationController.swift in Sources */,
				FF3B20AF1FCA96E30019F87A /* PopularMusicianContainerCell.swift in Sources */,
				FFA5A39F1FCCFD97001EA36F /* NetworkController.swift in Sources */,
				FF9D18581FDBBF11008D5FD1 /* LoadingIndicatorViewController.swift in Sources */,
				FFCF82ED1FC95E07003B7861 /* EntryViewController.swift in Sources */,
				FF3B20C61FCC3B930019F87A /* Instrument.swift in Sources */,
				FF3B20B11FCA98C50019F87A /* ChartViewController.swift in Sources */,
				FF1054321FD518BA00A46443 /* AudioRecorderViewController.swift in Sources */,
				FFB2F8F81FEBDE67009E59B5 /* ActionSheetStringPicker.swift in Sources */,
				FF3B20C91FCC434B0019F87A /* ProfileSetUpViewController.swift in Sources */,
				FFD500AC1FDE509F008464A8 /* PlayBarController.swift in Sources */,
				FF0280621FD8ECD300C0013A /* UIView.swift in Sources */,
				FF000D991FD11F7F00678999 /* DataCenter.swift in Sources */,
				FF9D18541FDA6012008D5FD1 /* CommentContainerCell.swift in Sources */,
				FF3B20B31FCAA2700019F87A /* InspectableView.swift in Sources */,
				FF0280561FD776CF00C0013A /* UserDefaultKey.swift in Sources */,
				FFC32AED1FCFD96500651A31 /* LoginResponse.swift in Sources */,
				FF3B20C21FCC31930019F87A /* SignUpViewController.swift in Sources */,
				FF000D9D1FD1368000678999 /* AudioUploadViewController.swift in Sources */,
				FF7D6E0C1FDD630700754A7C /* AVPlayer.swift in Sources */,
				FF02805A1FD7996C00C0013A /* RecordContuctor.swift in Sources */,
				FF9A84EC1FC9AE6500AC4780 /* PopularMusicianCell.swift in Sources */,
				FFC32AE61FCF9F0C00651A31 /* AudioCommentCell.swift in Sources */,
				FFA8A8501FE74EF7008443B4 /* UIView+Geometry.m in Sources */,
				FF3B20B51FCAADD80019F87A /* PostListCell.swift in Sources */,
				FF3B20BC1FCACE8D0019F87A /* DetailHeaderCell.swift in Sources */,
				F0058B191FF75B22004CC6D1 /* LaunchScreenViewController.swift in Sources */,
				FF64BA0E1FDD36F4000A846B /* RecorderCell.swift in Sources */,
				FFB85FCC1FCE652A000E47C8 /* ProfileHeaderCell.swift in Sources */,
				FF02805E1FD805F600C0013A /* ModeToggleCell.swift in Sources */,
				FF4A7F9B1FCCEE0A0002E27A /* UIViewController.swift in Sources */,
				FF3995D81FE3878F004B1F86 /* FlowContainerCell.swift in Sources */,
				FF3995DA1FE38C4A004B1F86 /* PostContainerCell.swift in Sources */,
				FFC32AE41FCF8E1500651A31 /* Comment.swift in Sources */,
				FFEAE1A91FEA52B700FD7D7F /* AUCell.swift in Sources */,
				FF02805C1FD7B9A400C0013A /* String.swift in Sources */,
				F0F1E0051FF20EB3007D1AE6 /* AudioUnitGenericView.swift in Sources */,
				FFC32AE81FCFBFDB00651A31 /* MasterWaveFormViewCell.swift in Sources */,
				FFB85FCE1FCE657F000E47C8 /* ProfileViewController.swift in Sources */,
				FF688F781FCE58B700F0A41F /* SideMenuViewController.swift in Sources */,
				FF3B20BF1FCC2B0E0019F87A /* SignInViewController.swift in Sources */,
				FFCDE7DA1FE7FB5C0008CCB9 /* UITableView.swift in Sources */,
				FFB85FD21FCE79A3000E47C8 /* User.swift in Sources */,
				FF0280661FD901AB00C0013A /* Genre.swift in Sources */,
			);
			runOnlyForDeploymentPostprocessing = 0;
		};
		FFCF82CB1FC95D66003B7861 /* Sources */ = {
			isa = PBXSourcesBuildPhase;
			buildActionMask = 2147483647;
			files = (
				FFCF82D41FC95D66003B7861 /* soundHubPracticeTests.swift in Sources */,
			);
			runOnlyForDeploymentPostprocessing = 0;
		};
		FFCF82D61FC95D66003B7861 /* Sources */ = {
			isa = PBXSourcesBuildPhase;
			buildActionMask = 2147483647;
			files = (
				FFCF82DF1FC95D66003B7861 /* SoundHubUITests.swift in Sources */,
			);
			runOnlyForDeploymentPostprocessing = 0;
		};
/* End PBXSourcesBuildPhase section */

/* Begin PBXTargetDependency section */
		FFCF82D11FC95D66003B7861 /* PBXTargetDependency */ = {
			isa = PBXTargetDependency;
			target = FFCF82BA1FC95D66003B7861 /* SoundHub */;
			targetProxy = FFCF82D01FC95D66003B7861 /* PBXContainerItemProxy */;
		};
		FFCF82DC1FC95D66003B7861 /* PBXTargetDependency */ = {
			isa = PBXTargetDependency;
			target = FFCF82BA1FC95D66003B7861 /* SoundHub */;
			targetProxy = FFCF82DB1FC95D66003B7861 /* PBXContainerItemProxy */;
		};
/* End PBXTargetDependency section */

/* Begin PBXVariantGroup section */
		FFCF82C21FC95D66003B7861 /* Entry.storyboard */ = {
			isa = PBXVariantGroup;
			children = (
				FFCF82C31FC95D66003B7861 /* Base */,
			);
			name = Entry.storyboard;
			sourceTree = "<group>";
		};
		FFCF82C71FC95D66003B7861 /* LaunchScreen.storyboard */ = {
			isa = PBXVariantGroup;
			children = (
				FFCF82C81FC95D66003B7861 /* Base */,
			);
			name = LaunchScreen.storyboard;
			sourceTree = "<group>";
		};
/* End PBXVariantGroup section */

/* Begin XCBuildConfiguration section */
		FFCF82E11FC95D66003B7861 /* Debug */ = {
			isa = XCBuildConfiguration;
			buildSettings = {
				ALWAYS_SEARCH_USER_PATHS = NO;
				CLANG_ANALYZER_NONNULL = YES;
				CLANG_ANALYZER_NUMBER_OBJECT_CONVERSION = YES_AGGRESSIVE;
				CLANG_CXX_LANGUAGE_STANDARD = "gnu++14";
				CLANG_CXX_LIBRARY = "libc++";
				CLANG_ENABLE_MODULES = YES;
				CLANG_ENABLE_OBJC_ARC = YES;
				CLANG_WARN_BLOCK_CAPTURE_AUTORELEASING = YES;
				CLANG_WARN_BOOL_CONVERSION = YES;
				CLANG_WARN_COMMA = YES;
				CLANG_WARN_CONSTANT_CONVERSION = YES;
				CLANG_WARN_DIRECT_OBJC_ISA_USAGE = YES_ERROR;
				CLANG_WARN_DOCUMENTATION_COMMENTS = YES;
				CLANG_WARN_EMPTY_BODY = YES;
				CLANG_WARN_ENUM_CONVERSION = YES;
				CLANG_WARN_INFINITE_RECURSION = YES;
				CLANG_WARN_INT_CONVERSION = YES;
				CLANG_WARN_NON_LITERAL_NULL_CONVERSION = YES;
				CLANG_WARN_OBJC_LITERAL_CONVERSION = YES;
				CLANG_WARN_OBJC_ROOT_CLASS = YES_ERROR;
				CLANG_WARN_RANGE_LOOP_ANALYSIS = YES;
				CLANG_WARN_STRICT_PROTOTYPES = YES;
				CLANG_WARN_SUSPICIOUS_MOVE = YES;
				CLANG_WARN_UNGUARDED_AVAILABILITY = YES_AGGRESSIVE;
				CLANG_WARN_UNREACHABLE_CODE = YES;
				CLANG_WARN__DUPLICATE_METHOD_MATCH = YES;
				CODE_SIGN_IDENTITY = "iPhone Developer";
				COPY_PHASE_STRIP = NO;
				DEBUG_INFORMATION_FORMAT = dwarf;
				ENABLE_STRICT_OBJC_MSGSEND = YES;
				ENABLE_TESTABILITY = YES;
				GCC_C_LANGUAGE_STANDARD = gnu11;
				GCC_DYNAMIC_NO_PIC = NO;
				GCC_NO_COMMON_BLOCKS = YES;
				GCC_OPTIMIZATION_LEVEL = 0;
				GCC_PREPROCESSOR_DEFINITIONS = (
					"DEBUG=1",
					"$(inherited)",
				);
				GCC_WARN_64_TO_32_BIT_CONVERSION = YES;
				GCC_WARN_ABOUT_RETURN_TYPE = YES_ERROR;
				GCC_WARN_UNDECLARED_SELECTOR = YES;
				GCC_WARN_UNINITIALIZED_AUTOS = YES_AGGRESSIVE;
				GCC_WARN_UNUSED_FUNCTION = YES;
				GCC_WARN_UNUSED_VARIABLE = YES;
				IPHONEOS_DEPLOYMENT_TARGET = 11.1;
				MTL_ENABLE_DEBUG_INFO = YES;
				ONLY_ACTIVE_ARCH = YES;
				SDKROOT = iphoneos;
				SWIFT_ACTIVE_COMPILATION_CONDITIONS = DEBUG;
				SWIFT_OPTIMIZATION_LEVEL = "-Onone";
				SWIFT_VERSION = 4.0;
			};
			name = Debug;
		};
		FFCF82E21FC95D66003B7861 /* Release */ = {
			isa = XCBuildConfiguration;
			buildSettings = {
				ALWAYS_SEARCH_USER_PATHS = NO;
				CLANG_ANALYZER_NONNULL = YES;
				CLANG_ANALYZER_NUMBER_OBJECT_CONVERSION = YES_AGGRESSIVE;
				CLANG_CXX_LANGUAGE_STANDARD = "gnu++14";
				CLANG_CXX_LIBRARY = "libc++";
				CLANG_ENABLE_MODULES = YES;
				CLANG_ENABLE_OBJC_ARC = YES;
				CLANG_WARN_BLOCK_CAPTURE_AUTORELEASING = YES;
				CLANG_WARN_BOOL_CONVERSION = YES;
				CLANG_WARN_COMMA = YES;
				CLANG_WARN_CONSTANT_CONVERSION = YES;
				CLANG_WARN_DIRECT_OBJC_ISA_USAGE = YES_ERROR;
				CLANG_WARN_DOCUMENTATION_COMMENTS = YES;
				CLANG_WARN_EMPTY_BODY = YES;
				CLANG_WARN_ENUM_CONVERSION = YES;
				CLANG_WARN_INFINITE_RECURSION = YES;
				CLANG_WARN_INT_CONVERSION = YES;
				CLANG_WARN_NON_LITERAL_NULL_CONVERSION = YES;
				CLANG_WARN_OBJC_LITERAL_CONVERSION = YES;
				CLANG_WARN_OBJC_ROOT_CLASS = YES_ERROR;
				CLANG_WARN_RANGE_LOOP_ANALYSIS = YES;
				CLANG_WARN_STRICT_PROTOTYPES = YES;
				CLANG_WARN_SUSPICIOUS_MOVE = YES;
				CLANG_WARN_UNGUARDED_AVAILABILITY = YES_AGGRESSIVE;
				CLANG_WARN_UNREACHABLE_CODE = YES;
				CLANG_WARN__DUPLICATE_METHOD_MATCH = YES;
				CODE_SIGN_IDENTITY = "iPhone Developer";
				COPY_PHASE_STRIP = NO;
				DEBUG_INFORMATION_FORMAT = "dwarf-with-dsym";
				ENABLE_NS_ASSERTIONS = NO;
				ENABLE_STRICT_OBJC_MSGSEND = YES;
				GCC_C_LANGUAGE_STANDARD = gnu11;
				GCC_NO_COMMON_BLOCKS = YES;
				GCC_WARN_64_TO_32_BIT_CONVERSION = YES;
				GCC_WARN_ABOUT_RETURN_TYPE = YES_ERROR;
				GCC_WARN_UNDECLARED_SELECTOR = YES;
				GCC_WARN_UNINITIALIZED_AUTOS = YES_AGGRESSIVE;
				GCC_WARN_UNUSED_FUNCTION = YES;
				GCC_WARN_UNUSED_VARIABLE = YES;
				IPHONEOS_DEPLOYMENT_TARGET = 11.1;
				MTL_ENABLE_DEBUG_INFO = NO;
				SDKROOT = iphoneos;
				SWIFT_OPTIMIZATION_LEVEL = "-Owholemodule";
				SWIFT_VERSION = 4.0;
				VALIDATE_PRODUCT = YES;
			};
			name = Release;
		};
		FFCF82E41FC95D66003B7861 /* Debug */ = {
			isa = XCBuildConfiguration;
			baseConfigurationReference = CCF9A4D681C26D32FDD78A4F /* Pods-SoundHub.debug.xcconfig */;
			buildSettings = {
				ASSETCATALOG_COMPILER_APPICON_NAME = AppIcon;
				CLANG_ENABLE_MODULES = YES;
				CODE_SIGN_ENTITLEMENTS = SoundHub/SoundHub.entitlements;
				CODE_SIGN_STYLE = Automatic;
				DEVELOPMENT_TEAM = G4MM77V7NH;
				INFOPLIST_FILE = SoundHub/Info.plist;
				IPHONEOS_DEPLOYMENT_TARGET = 11.0;
				LD_RUNPATH_SEARCH_PATHS = "$(inherited) @executable_path/Frameworks";
				PRODUCT_BUNDLE_IDENTIFIER = com.sungdoo.soundhub;
				PRODUCT_NAME = "$(TARGET_NAME)";
				SWIFT_OBJC_BRIDGING_HEADER = "SoundHub/SoundHub-Bridging-Header.h";
				SWIFT_OPTIMIZATION_LEVEL = "-Onone";
				SWIFT_VERSION = 4.0;
				TARGETED_DEVICE_FAMILY = "1,2";
			};
			name = Debug;
		};
		FFCF82E51FC95D66003B7861 /* Release */ = {
			isa = XCBuildConfiguration;
			baseConfigurationReference = AE770600F915C8F1A790C952 /* Pods-SoundHub.release.xcconfig */;
			buildSettings = {
				ASSETCATALOG_COMPILER_APPICON_NAME = AppIcon;
				CLANG_ENABLE_MODULES = YES;
				CODE_SIGN_ENTITLEMENTS = SoundHub/SoundHub.entitlements;
				CODE_SIGN_STYLE = Automatic;
				DEVELOPMENT_TEAM = G4MM77V7NH;
				INFOPLIST_FILE = SoundHub/Info.plist;
				IPHONEOS_DEPLOYMENT_TARGET = 11.0;
				LD_RUNPATH_SEARCH_PATHS = "$(inherited) @executable_path/Frameworks";
				PRODUCT_BUNDLE_IDENTIFIER = com.sungdoo.soundhub;
				PRODUCT_NAME = "$(TARGET_NAME)";
				SWIFT_OBJC_BRIDGING_HEADER = "SoundHub/SoundHub-Bridging-Header.h";
				SWIFT_VERSION = 4.0;
				TARGETED_DEVICE_FAMILY = "1,2";
			};
			name = Release;
		};
		FFCF82E71FC95D66003B7861 /* Debug */ = {
			isa = XCBuildConfiguration;
			baseConfigurationReference = D05EBE5F32CFEB3E6E483A33 /* Pods-SoundHubTests.debug.xcconfig */;
			buildSettings = {
				ALWAYS_EMBED_SWIFT_STANDARD_LIBRARIES = YES;
				BUNDLE_LOADER = "$(TEST_HOST)";
				CODE_SIGN_STYLE = Automatic;
				DEVELOPMENT_TEAM = G4MM77V7NH;
				INFOPLIST_FILE = soundHubPracticeTests/Info.plist;
				LD_RUNPATH_SEARCH_PATHS = "$(inherited) @executable_path/Frameworks @loader_path/Frameworks";
				PRODUCT_BUNDLE_IDENTIFIER = asdf.soundHubPracticeTests;
				PRODUCT_NAME = "$(TARGET_NAME)";
				SWIFT_VERSION = 4.0;
				TARGETED_DEVICE_FAMILY = "1,2";
				TEST_HOST = "$(BUILT_PRODUCTS_DIR)/SoundHub.app/SoundHub";
			};
			name = Debug;
		};
		FFCF82E81FC95D66003B7861 /* Release */ = {
			isa = XCBuildConfiguration;
			baseConfigurationReference = 6492D10D6B49087BFEF96FCA /* Pods-SoundHubTests.release.xcconfig */;
			buildSettings = {
				ALWAYS_EMBED_SWIFT_STANDARD_LIBRARIES = YES;
				BUNDLE_LOADER = "$(TEST_HOST)";
				CODE_SIGN_STYLE = Automatic;
				DEVELOPMENT_TEAM = G4MM77V7NH;
				INFOPLIST_FILE = soundHubPracticeTests/Info.plist;
				LD_RUNPATH_SEARCH_PATHS = "$(inherited) @executable_path/Frameworks @loader_path/Frameworks";
				PRODUCT_BUNDLE_IDENTIFIER = asdf.soundHubPracticeTests;
				PRODUCT_NAME = "$(TARGET_NAME)";
				SWIFT_VERSION = 4.0;
				TARGETED_DEVICE_FAMILY = "1,2";
				TEST_HOST = "$(BUILT_PRODUCTS_DIR)/SoundHub.app/SoundHub";
			};
			name = Release;
		};
		FFCF82EA1FC95D66003B7861 /* Debug */ = {
			isa = XCBuildConfiguration;
			baseConfigurationReference = 434159AB5BE18417E2607205 /* Pods-SoundHubUITests.debug.xcconfig */;
			buildSettings = {
				ALWAYS_EMBED_SWIFT_STANDARD_LIBRARIES = YES;
				CODE_SIGN_STYLE = Automatic;
				DEVELOPMENT_TEAM = G4MM77V7NH;
				INFOPLIST_FILE = SoundHubUITests/Info.plist;
				LD_RUNPATH_SEARCH_PATHS = "$(inherited) @executable_path/Frameworks @loader_path/Frameworks";
				PRODUCT_BUNDLE_IDENTIFIER = asdf.soundHubPracticeUITests;
				PRODUCT_NAME = "$(TARGET_NAME)";
				PROVISIONING_PROFILE = "";
				SWIFT_VERSION = 4.0;
				TARGETED_DEVICE_FAMILY = "1,2";
				TEST_TARGET_NAME = SoundHub;
			};
			name = Debug;
		};
		FFCF82EB1FC95D66003B7861 /* Release */ = {
			isa = XCBuildConfiguration;
			baseConfigurationReference = 4EC7FA26C4B503FAC8262F9D /* Pods-SoundHubUITests.release.xcconfig */;
			buildSettings = {
				ALWAYS_EMBED_SWIFT_STANDARD_LIBRARIES = YES;
				CODE_SIGN_STYLE = Automatic;
				DEVELOPMENT_TEAM = G4MM77V7NH;
				INFOPLIST_FILE = SoundHubUITests/Info.plist;
				LD_RUNPATH_SEARCH_PATHS = "$(inherited) @executable_path/Frameworks @loader_path/Frameworks";
				PRODUCT_BUNDLE_IDENTIFIER = asdf.soundHubPracticeUITests;
				PRODUCT_NAME = "$(TARGET_NAME)";
				PROVISIONING_PROFILE = "";
				SWIFT_VERSION = 4.0;
				TARGETED_DEVICE_FAMILY = "1,2";
				TEST_TARGET_NAME = SoundHub;
			};
			name = Release;
		};
/* End XCBuildConfiguration section */

/* Begin XCConfigurationList section */
		FFCF82B61FC95D66003B7861 /* Build configuration list for PBXProject "SoundHub" */ = {
			isa = XCConfigurationList;
			buildConfigurations = (
				FFCF82E11FC95D66003B7861 /* Debug */,
				FFCF82E21FC95D66003B7861 /* Release */,
			);
			defaultConfigurationIsVisible = 0;
			defaultConfigurationName = Release;
		};
		FFCF82E31FC95D66003B7861 /* Build configuration list for PBXNativeTarget "SoundHub" */ = {
			isa = XCConfigurationList;
			buildConfigurations = (
				FFCF82E41FC95D66003B7861 /* Debug */,
				FFCF82E51FC95D66003B7861 /* Release */,
			);
			defaultConfigurationIsVisible = 0;
			defaultConfigurationName = Release;
		};
		FFCF82E61FC95D66003B7861 /* Build configuration list for PBXNativeTarget "SoundHubTests" */ = {
			isa = XCConfigurationList;
			buildConfigurations = (
				FFCF82E71FC95D66003B7861 /* Debug */,
				FFCF82E81FC95D66003B7861 /* Release */,
			);
			defaultConfigurationIsVisible = 0;
			defaultConfigurationName = Release;
		};
		FFCF82E91FC95D66003B7861 /* Build configuration list for PBXNativeTarget "SoundHubUITests" */ = {
			isa = XCConfigurationList;
			buildConfigurations = (
				FFCF82EA1FC95D66003B7861 /* Debug */,
				FFCF82EB1FC95D66003B7861 /* Release */,
			);
			defaultConfigurationIsVisible = 0;
			defaultConfigurationName = Release;
		};
/* End XCConfigurationList section */
	};
	rootObject = FFCF82B31FC95D66003B7861 /* Project object */;
}
